
Microsoft Visual Studio Solution File, Format Version 12.00
# Visual Studio 2013
VisualStudioVersion = 12.0.31101.0
MinimumVisualStudioVersion = 10.0.40219.1
Project("{FAE04EC0-301F-11D3-BF4B-00C04F79EFBC}") = "DiviTest.DAL", "DiviTest.DAL\DiviTest.DAL.csproj", "{6E5D2342-0EF0-49F6-9099-E6BBB9290A8E}"
EndProject
Project("{FAE04EC0-301F-11D3-BF4B-00C04F79EFBC}") = "DiviTest.WEB", "DiviTest.WEB\DiviTest.WEB.csproj", "{9D341FFA-512A-4FD4-B46A-39AC37D62CEE}"
EndProject
Global
	GlobalSection(SolutionConfigurationPlatforms) = preSolution
		Debug|Any CPU = Debug|Any CPU
		Release|Any CPU = Release|Any CPU
	EndGlobalSection
	GlobalSection(ProjectConfigurationPlatforms) = postSolution
		{6E5D2342-0EF0-49F6-9099-E6BBB9290A8E}.Debug|Any CPU.ActiveCfg = Debug|Any CPU
		{6E5D2342-0EF0-49F6-9099-E6BBB9290A8E}.Debug|Any CPU.Build.0 = Debug|Any CPU
		{6E5D2342-0EF0-49F6-9099-E6BBB9290A8E}.Release|Any CPU.ActiveCfg = Release|Any CPU
		{6E5D2342-0EF0-49F6-9099-E6BBB9290A8E}.Release|Any CPU.Build.0 = Release|Any CPU
		{9D341FFA-512A-4FD4-B46A-39AC37D62CEE}.Debug|Any CPU.ActiveCfg = Debug|Any CPU
		{9D341FFA-512A-4FD4-B46A-39AC37D62CEE}.Debug|Any CPU.Build.0 = Debug|Any CPU
		{9D341FFA-512A-4FD4-B46A-39AC37D62CEE}.Release|Any CPU.ActiveCfg = Release|Any CPU
		{9D341FFA-512A-4FD4-B46A-39AC37D62CEE}.Release|Any CPU.Build.0 = Release|Any CPU
	EndGlobalSection
	GlobalSection(SolutionProperties) = preSolution
		HideSolutionNode = FALSE
	EndGlobalSection
EndGlobal
